{
  "name": "bridge",
  "version": "0.0.0",
  "lockfileVersion": 3,
  "requires": true,
  "packages": {
    "": {
      "name": "bridge",
      "version": "0.0.0",
      "workspaces": [
        "apps/*",
        "services/*",
        "clients/*",
        "packages/*"
      ],
      "engines": {
        "node": ">=20.0.0",
        "npm": ">=10.0.0"
      }
    },
    "apps/manager-workspace": {
      "name": "@bridge/manager-workspace",
      "version": "0.0.0"
    },
    "apps/saas-admin": {
      "name": "@bridge/saas-admin",
      "version": "0.0.0"
    },
    "apps/web-chat": {
      "name": "@bridge/web-chat",
      "version": "0.0.0"
    },
    "clients/telegram-console": {
      "name": "@bridge/telegram-console",
      "version": "0.0.0"
    },
    "node_modules/@bridge/ai-platform": {
      "resolved": "services/ai-platform",
      "link": true
    },
    "node_modules/@bridge/api-client": {
      "resolved": "packages/api-client",
      "link": true
    },
    "node_modules/@bridge/backend": {
      "resolved": "services/backend",
      "link": true
    },
    "node_modules/@bridge/broadcast-platform": {
      "resolved": "services/broadcast-platform",
      "link": true
    },
    "node_modules/@bridge/contracts": {
      "resolved": "packages/contracts",
      "link": true
    },
    "node_modules/@bridge/edge-gateway": {
      "resolved": "services/edge-gateway",
      "link": true
    },
    "node_modules/@bridge/fbp-engine": {
      "resolved": "services/fbp-engine",
      "link": true
    },
    "node_modules/@bridge/integration-platform": {
      "resolved": "services/integration-platform",
      "link": true
    },
    "node_modules/@bridge/manager-workspace": {
      "resolved": "apps/manager-workspace",
      "link": true
    },
    "node_modules/@bridge/mobile-api": {
      "resolved": "services/mobile-api",
      "link": true
    },
    "node_modules/@bridge/notification-platform": {
      "resolved": "services/notification-platform",
      "link": true
    },
    "node_modules/@bridge/saas-admin": {
      "resolved": "apps/saas-admin",
      "link": true
    },
    "node_modules/@bridge/telegram-console": {
      "resolved": "clients/telegram-console",
      "link": true
    },
    "node_modules/@bridge/testing": {
      "resolved": "packages/testing",
      "link": true
    },
    "node_modules/@bridge/ui-kit": {
      "resolved": "packages/ui-kit",
      "link": true
    },
    "node_modules/@bridge/web-chat": {
      "resolved": "apps/web-chat",
      "link": true
    },
    "packages/api-client": {
      "name": "@bridge/api-client",
      "version": "0.0.0"
    },
    "packages/contracts": {
      "name": "@bridge/contracts",
      "version": "0.0.0"
    },
    "packages/testing": {
      "name": "@bridge/testing",
      "version": "0.0.0"
    },
    "packages/ui-kit": {
      "name": "@bridge/ui-kit",
      "version": "0.0.0"
    },
    "services/ai-platform": {
      "name": "@bridge/ai-platform",
      "version": "0.0.0"
    },
    "services/backend": {
      "name": "@bridge/backend",
      "version": "0.0.0"
    },
    "services/broadcast-platform": {
      "name": "@bridge/broadcast-platform",
      "version": "0.0.0"
    },
    "services/edge-gateway": {
      "name": "@bridge/edge-gateway",
      "version": "0.0.0"
    },
    "services/fbp-engine": {
      "name": "@bridge/fbp-engine",
      "version": "0.0.0"
    },
    "services/integration-platform": {
      "name": "@bridge/integration-platform",
      "version": "0.0.0"
    },
    "services/mobile-api": {
      "name": "@bridge/mobile-api",
      "version": "0.0.0"
    },
    "services/notification-platform": {
      "name": "@bridge/notification-platform",
      "version": "0.0.0"
    }
  }
}
